
Microsoft Visual Studio Solution File, Format Version 12.00
# Visual Studio 15
VisualStudioVersion = 15.0.28010.2016
MinimumVisualStudioVersion = 10.0.40219.1
Project("{FAE04EC0-301F-11D3-BF4B-00C04F79EFBC}") = "Test", "Test\Test.csproj", "{23A5FF40-5E96-4394-8958-E951E8B53845}"
EndProject
Global
	GlobalSection(SolutionConfigurationPlatforms) = preSolution
		Debug|Any CPU = Debug|Any CPU
		Release|Any CPU = Release|Any CPU
	EndGlobalSection
	GlobalSection(ProjectConfigurationPlatforms) = postSolution
		{23A5FF40-5E96-4394-8958-E951E8B53845}.Debug|Any CPU.ActiveCfg = Debug|Any CPU
		{23A5FF40-5E96-4394-8958-E951E8B53845}.Debug|Any CPU.Build.0 = Debug|Any CPU
		{23A5FF40-5E96-4394-8958-E951E8B53845}.Release|Any CPU.ActiveCfg = Release|Any CPU
		{23A5FF40-5E96-4394-8958-E951E8B53845}.Release|Any CPU.Build.0 = Release|Any CPU
	EndGlobalSection
	GlobalSection(SolutionProperties) = preSolution
		HideSolutionNode = FALSE
	EndGlobalSection
	GlobalSection(ExtensibilityGlobals) = postSolution
		SolutionGuid = {FEA2A15F-597C-424B-9259-9F8268534E12}
	EndGlobalSection
EndGlobal
